
Microsoft Visual Studio Solution File, Format Version 12.00
# Visual Studio Version 16
VisualStudioVersion = 16.0.29613.14
MinimumVisualStudioVersion = 10.0.40219.1
Project("{FAE04EC0-301F-11D3-BF4B-00C04F79EFBC}") = "SOF005-Tarea4", "SOF005-Tarea4.csproj", "{5EA58670-C081-439E-A22C-0976B91872CD}"
EndProject
Global
	GlobalSection(SolutionConfigurationPlatforms) = preSolution
		Debug|Any CPU = Debug|Any CPU
		Release|Any CPU = Release|Any CPU
	EndGlobalSection
	GlobalSection(ProjectConfigurationPlatforms) = postSolution
		{5EA58670-C081-439E-A22C-0976B91872CD}.Debug|Any CPU.ActiveCfg = Debug|Any CPU
		{5EA58670-C081-439E-A22C-0976B91872CD}.Debug|Any CPU.Build.0 = Debug|Any CPU
		{5EA58670-C081-439E-A22C-0976B91872CD}.Release|Any CPU.ActiveCfg = Release|Any CPU
		{5EA58670-C081-439E-A22C-0976B91872CD}.Release|Any CPU.Build.0 = Release|Any CPU
	EndGlobalSection
	GlobalSection(SolutionProperties) = preSolution
		HideSolutionNode = FALSE
	EndGlobalSection
	GlobalSection(ExtensibilityGlobals) = postSolution
		SolutionGuid = {70A93F79-3020-47B1-880F-6732F56E071B}
	EndGlobalSection
EndGlobal
